
Microsoft Visual Studio Solution File, Format Version 12.00
# Visual Studio Version 17
VisualStudioVersion = 17.2.32616.157
MinimumVisualStudioVersion = 10.0.40219.1
Project("{FAE04EC0-301F-11D3-BF4B-00C04F79EFBC}") = "BookStore.Api", "BookStore.Api\BookStore.Api.csproj", "{BC8CF4EE-27C5-4C7D-BA96-B69E1332BD85}"
EndProject
Project("{FAE04EC0-301F-11D3-BF4B-00C04F79EFBC}") = "BookStore.Models", "BookStore.Models\BookStore.Models.csproj", "{D5318F18-FCC7-4996-A05D-F6F385425A8C}"
EndProject
Project("{FAE04EC0-301F-11D3-BF4B-00C04F79EFBC}") = "BookStore.Repository", "BookStore.Repository\BookStore.Repository.csproj", "{52AA27F6-471F-4410-9C79-8E6954EC23E6}"
EndProject
Global
	GlobalSection(SolutionConfigurationPlatforms) = preSolution
		Debug|Any CPU = Debug|Any CPU
		Release|Any CPU = Release|Any CPU
	EndGlobalSection
	GlobalSection(ProjectConfigurationPlatforms) = postSolution
		{BC8CF4EE-27C5-4C7D-BA96-B69E1332BD85}.Debug|Any CPU.ActiveCfg = Debug|Any CPU
		{BC8CF4EE-27C5-4C7D-BA96-B69E1332BD85}.Debug|Any CPU.Build.0 = Debug|Any CPU
		{BC8CF4EE-27C5-4C7D-BA96-B69E1332BD85}.Release|Any CPU.ActiveCfg = Release|Any CPU
		{BC8CF4EE-27C5-4C7D-BA96-B69E1332BD85}.Release|Any CPU.Build.0 = Release|Any CPU
		{D5318F18-FCC7-4996-A05D-F6F385425A8C}.Debug|Any CPU.ActiveCfg = Debug|Any CPU
		{D5318F18-FCC7-4996-A05D-F6F385425A8C}.Debug|Any CPU.Build.0 = Debug|Any CPU
		{D5318F18-FCC7-4996-A05D-F6F385425A8C}.Release|Any CPU.ActiveCfg = Release|Any CPU
		{D5318F18-FCC7-4996-A05D-F6F385425A8C}.Release|Any CPU.Build.0 = Release|Any CPU
		{52AA27F6-471F-4410-9C79-8E6954EC23E6}.Debug|Any CPU.ActiveCfg = Debug|Any CPU
		{52AA27F6-471F-4410-9C79-8E6954EC23E6}.Debug|Any CPU.Build.0 = Debug|Any CPU
		{52AA27F6-471F-4410-9C79-8E6954EC23E6}.Release|Any CPU.ActiveCfg = Release|Any CPU
		{52AA27F6-471F-4410-9C79-8E6954EC23E6}.Release|Any CPU.Build.0 = Release|Any CPU
	EndGlobalSection
	GlobalSection(SolutionProperties) = preSolution
		HideSolutionNode = FALSE
	EndGlobalSection
	GlobalSection(ExtensibilityGlobals) = postSolution
		SolutionGuid = {F64E4007-E99A-4A75-AC71-D7643B48FD45}
	EndGlobalSection
EndGlobal
